
Microsoft Visual Studio Solution File, Format Version 12.00
# Visual Studio Version 17
VisualStudioVersion = 17.7.34031.279
MinimumVisualStudioVersion = 10.0.40219.1
Project("{9A19103F-16F7-4668-BE54-9A1E7A4F7556}") = "Gateway", "Gateway\Gateway.csproj", "{AE418BD8-B574-4839-96A6-024B83B2681B}"
EndProject
Project("{9A19103F-16F7-4668-BE54-9A1E7A4F7556}") = "ServiceA", "ServiceA\ServiceA.csproj", "{6CE0D862-1794-478B-A4DC-F2E14BE7D317}"
EndProject
Project("{9A19103F-16F7-4668-BE54-9A1E7A4F7556}") = "ServiceB", "ServiceB\ServiceB.csproj", "{EC96EDE0-2CFA-45FF-BD77-B8A6863915B2}"
EndProject
Project("{9A19103F-16F7-4668-BE54-9A1E7A4F7556}") = "ServiceAdapter", "ServiceAdapter\ServiceAdapter.csproj", "{770A8919-E181-4C65-B90F-2173E5B612DA}"
EndProject
Project("{9A19103F-16F7-4668-BE54-9A1E7A4F7556}") = "AuthManager", "AuthManager\AuthManager.csproj", "{5FF4DD09-34C4-4787-A91B-38470959CC90}"
EndProject
Project("{FAE04EC0-301F-11D3-BF4B-00C04F79EFBC}") = "MSCore", "MSCore\MSCore.csproj", "{1323A1E8-A90D-45C2-AE86-4EFAB84AC984}"
EndProject
Global
	GlobalSection(SolutionConfigurationPlatforms) = preSolution
		Debug|Any CPU = Debug|Any CPU
		Release|Any CPU = Release|Any CPU
	EndGlobalSection
	GlobalSection(ProjectConfigurationPlatforms) = postSolution
		{AE418BD8-B574-4839-96A6-024B83B2681B}.Debug|Any CPU.ActiveCfg = Debug|Any CPU
		{AE418BD8-B574-4839-96A6-024B83B2681B}.Debug|Any CPU.Build.0 = Debug|Any CPU
		{AE418BD8-B574-4839-96A6-024B83B2681B}.Release|Any CPU.ActiveCfg = Release|Any CPU
		{AE418BD8-B574-4839-96A6-024B83B2681B}.Release|Any CPU.Build.0 = Release|Any CPU
		{6CE0D862-1794-478B-A4DC-F2E14BE7D317}.Debug|Any CPU.ActiveCfg = Debug|Any CPU
		{6CE0D862-1794-478B-A4DC-F2E14BE7D317}.Debug|Any CPU.Build.0 = Debug|Any CPU
		{6CE0D862-1794-478B-A4DC-F2E14BE7D317}.Release|Any CPU.ActiveCfg = Release|Any CPU
		{6CE0D862-1794-478B-A4DC-F2E14BE7D317}.Release|Any CPU.Build.0 = Release|Any CPU
		{EC96EDE0-2CFA-45FF-BD77-B8A6863915B2}.Debug|Any CPU.ActiveCfg = Debug|Any CPU
		{EC96EDE0-2CFA-45FF-BD77-B8A6863915B2}.Debug|Any CPU.Build.0 = Debug|Any CPU
		{EC96EDE0-2CFA-45FF-BD77-B8A6863915B2}.Release|Any CPU.ActiveCfg = Release|Any CPU
		{EC96EDE0-2CFA-45FF-BD77-B8A6863915B2}.Release|Any CPU.Build.0 = Release|Any CPU
		{770A8919-E181-4C65-B90F-2173E5B612DA}.Debug|Any CPU.ActiveCfg = Debug|Any CPU
		{770A8919-E181-4C65-B90F-2173E5B612DA}.Debug|Any CPU.Build.0 = Debug|Any CPU
		{770A8919-E181-4C65-B90F-2173E5B612DA}.Release|Any CPU.ActiveCfg = Release|Any CPU
		{770A8919-E181-4C65-B90F-2173E5B612DA}.Release|Any CPU.Build.0 = Release|Any CPU
		{5FF4DD09-34C4-4787-A91B-38470959CC90}.Debug|Any CPU.ActiveCfg = Debug|Any CPU
		{5FF4DD09-34C4-4787-A91B-38470959CC90}.Debug|Any CPU.Build.0 = Debug|Any CPU
		{5FF4DD09-34C4-4787-A91B-38470959CC90}.Release|Any CPU.ActiveCfg = Release|Any CPU
		{5FF4DD09-34C4-4787-A91B-38470959CC90}.Release|Any CPU.Build.0 = Release|Any CPU
		{1323A1E8-A90D-45C2-AE86-4EFAB84AC984}.Debug|Any CPU.ActiveCfg = Debug|Any CPU
		{1323A1E8-A90D-45C2-AE86-4EFAB84AC984}.Debug|Any CPU.Build.0 = Debug|Any CPU
		{1323A1E8-A90D-45C2-AE86-4EFAB84AC984}.Release|Any CPU.ActiveCfg = Release|Any CPU
		{1323A1E8-A90D-45C2-AE86-4EFAB84AC984}.Release|Any CPU.Build.0 = Release|Any CPU
	EndGlobalSection
	GlobalSection(SolutionProperties) = preSolution
		HideSolutionNode = FALSE
	EndGlobalSection
	GlobalSection(ExtensibilityGlobals) = postSolution
		SolutionGuid = {5C28D404-7CF0-4F2C-9B70-E2204D94684E}
	EndGlobalSection
EndGlobal
